# Dependabot updates package.json but cannot maintain bun.lock (its npm
# ecosystem only knows package-lock.json / yarn.lock / pnpm-lock.yaml), so CI's
# `--frozen-lockfile` install fails on every dep-changing Dependabot PR.
#
# This job VERIFIES the lockfile is in sync - it holds no credentials, so there
# is nothing for a poisoned dependency to steal. It runs read-only, never auto-
# commits, and uses --ignore-scripts so install lifecycle scripts never execute.
# If bun.lock drifts, the check fails and you sync it locally:
#   git checkout <dependabot-branch> && bun install && git commit -am '...' && git push
name: Check bun.lock

on:
  pull_request:
    branches: [main]

permissions:
  contents: read

jobs:
  check-lock:
    runs-on: ubuntu-latest
    steps:
      - uses: actions/checkout@3d3c42e5aac5ba805825da76410c181273ba90b1 # v7.0.1

      - uses: oven-sh/setup-bun@0c5077e51419868618aeaa5fe8019c62421857d6 # v2
        with:
          # Pinned to 1.3.14: bun 1.2.23 on linux can hang opencv-js 5's
          # Promise-based runtime init when the node and web entries load in
          # one process. The earlier 1.3.13 SIGILL-on-exit that forced the
          # 1.2.23 pin no longer reproduces on 1.3.14.
          bun-version: 1.3.14

      - name: Resolve lockfile
        run: bun install --no-frozen-lockfile --ignore-scripts

      - name: Fail if bun.lock is out of sync
        run: |
          if ! git diff --exit-code bun.lock; then
            echo "::error::bun.lock is out of sync with package.json."
            echo "Run locally on this branch: bun install && git commit -am 'chore: sync bun.lock' && git push"
            exit 1
          fi
